Microsoft Visual Studio Solution File, Format Version 12.00
# Visual Studio Version 17
VisualStudioVersion = 17.5.2.0
MinimumVisualStudioVersion = 10.0.40219.1
Project("{FAE04EC0-301F-11D3-BF4B-00C04F79EFBC}") = "GoalTracker.Api", "backend\GoalTracker.Api.csproj", "{A52B2660-80E6-E65C-70AD-6C8019184DC5}"
EndProject
Global
	GlobalSection(SolutionConfigurationPlatforms) = preSolution
		Debug|Any CPU = Debug|Any CPU
		Release|Any CPU = Release|Any CPU
	EndGlobalSection
	GlobalSection(ProjectConfigurationPlatforms) = postSolution
		{A52B2660-80E6-E65C-70AD-6C8019184DC5}.Debug|Any CPU.ActiveCfg = Debug|Any CPU
		{A52B2660-80E6-E65C-70AD-6C8019184DC5}.Debug|Any CPU.Build.0 = Debug|Any CPU
		{A52B2660-80E6-E65C-70AD-6C8019184DC5}.Release|Any CPU.ActiveCfg = Release|Any CPU
		{A52B2660-80E6-E65C-70AD-6C8019184DC5}.Release|Any CPU.Build.0 = Release|Any CPU
	EndGlobalSection
	GlobalSection(SolutionProperties) = preSolution
		HideSolutionNode = FALSE
	EndGlobalSection
	GlobalSection(ExtensibilityGlobals) = postSolution
		SolutionGuid = {F2F995E6-EF27-4ED7-98E2-4E391D23BAAA}
	EndGlobalSection
EndGlobal
